
Microsoft Visual Studio Solution File, Format Version 12.00
# Visual Studio Version 16
VisualStudioVersion = 16.0.31025.194
MinimumVisualStudioVersion = 10.0.40219.1
Project("{FAE04EC0-301F-11D3-BF4B-00C04F79EFBC}") = "Homework7", "Homework7\Homework7.csproj", "{D39D5C5A-3C56-470C-AE58-1C5653A5E82B}"
EndProject
Global
	GlobalSection(SolutionConfigurationPlatforms) = preSolution
		Debug|Any CPU = Debug|Any CPU
		Release|Any CPU = Release|Any CPU
	EndGlobalSection
	GlobalSection(ProjectConfigurationPlatforms) = postSolution
		{D39D5C5A-3C56-470C-AE58-1C5653A5E82B}.Debug|Any CPU.ActiveCfg = Debug|Any CPU
		{D39D5C5A-3C56-470C-AE58-1C5653A5E82B}.Debug|Any CPU.Build.0 = Debug|Any CPU
		{D39D5C5A-3C56-470C-AE58-1C5653A5E82B}.Release|Any CPU.ActiveCfg = Release|Any CPU
		{D39D5C5A-3C56-470C-AE58-1C5653A5E82B}.Release|Any CPU.Build.0 = Release|Any CPU
	EndGlobalSection
	GlobalSection(SolutionProperties) = preSolution
		HideSolutionNode = FALSE
	EndGlobalSection
	GlobalSection(ExtensibilityGlobals) = postSolution
		SolutionGuid = {E4C6C3F5-60DC-4172-BDA9-AE855088E46E}
	EndGlobalSection
EndGlobal
