
Microsoft Visual Studio Solution File, Format Version 12.00
# Visual Studio Version 16
VisualStudioVersion = 16.0.31025.194
MinimumVisualStudioVersion = 10.0.40219.1
Project("{FAE04EC0-301F-11D3-BF4B-00C04F79EFBC}") = "Order", "Homework6\Order.csproj", "{94F7F38C-CBD5-4C17-AD6B-FFB14340876C}"
EndProject
Project("{FAE04EC0-301F-11D3-BF4B-00C04F79EFBC}") = "OrderTests", "OrderTests\OrderTests.csproj", "{3EB44AD2-7F0D-4FC7-A57D-FC0A7F5AB3D0}"
EndProject
Global
	GlobalSection(SolutionConfigurationPlatforms) = preSolution
		Debug|Any CPU = Debug|Any CPU
		Release|Any CPU = Release|Any CPU
	EndGlobalSection
	GlobalSection(ProjectConfigurationPlatforms) = postSolution
		{94F7F38C-CBD5-4C17-AD6B-FFB14340876C}.Debug|Any CPU.ActiveCfg = Debug|Any CPU
		{94F7F38C-CBD5-4C17-AD6B-FFB14340876C}.Debug|Any CPU.Build.0 = Debug|Any CPU
		{94F7F38C-CBD5-4C17-AD6B-FFB14340876C}.Release|Any CPU.ActiveCfg = Release|Any CPU
		{94F7F38C-CBD5-4C17-AD6B-FFB14340876C}.Release|Any CPU.Build.0 = Release|Any CPU
		{3EB44AD2-7F0D-4FC7-A57D-FC0A7F5AB3D0}.Debug|Any CPU.ActiveCfg = Debug|Any CPU
		{3EB44AD2-7F0D-4FC7-A57D-FC0A7F5AB3D0}.Debug|Any CPU.Build.0 = Debug|Any CPU
		{3EB44AD2-7F0D-4FC7-A57D-FC0A7F5AB3D0}.Release|Any CPU.ActiveCfg = Release|Any CPU
		{3EB44AD2-7F0D-4FC7-A57D-FC0A7F5AB3D0}.Release|Any CPU.Build.0 = Release|Any CPU
	EndGlobalSection
	GlobalSection(SolutionProperties) = preSolution
		HideSolutionNode = FALSE
	EndGlobalSection
	GlobalSection(ExtensibilityGlobals) = postSolution
		SolutionGuid = {30A79AA8-6D9F-4759-AA28-B65DAC08832A}
	EndGlobalSection
EndGlobal
